
Microsoft Visual Studio Solution File, Format Version 12.00
# Visual Studio 14
VisualStudioVersion = 14.0.25420.1
MinimumVisualStudioVersion = 10.0.40219.1
Project("{2150E333-8FDC-42A3-9474-1A3956D46DE8}") = "src", "src", "{D435883C-25F3-46F0-A431-DAD811FBFC4D}"
EndProject
Project("{2150E333-8FDC-42A3-9474-1A3956D46DE8}") = "Solution Items", "Solution Items", "{994F2D14-F101-4E92-8EE2-045D1606D2C1}"
	ProjectSection(SolutionItems) = preProject
		global.json = global.json
	EndProjectSection
EndProject
Project("{8BB2217D-0F2D-49D1-97BC-3654ED321F3B}") = "DmAutoTesting", "src\DmAutoTesting\DmAutoTesting.xproj", "{533D8428-C03B-4C3C-94C5-FA9ACE8B48D2}"
EndProject
Global
	GlobalSection(SolutionConfigurationPlatforms) = preSolution
		Debug|Any CPU = Debug|Any CPU
		Release|Any CPU = Release|Any CPU
	EndGlobalSection
	GlobalSection(ProjectConfigurationPlatforms) = postSolution
		{533D8428-C03B-4C3C-94C5-FA9ACE8B48D2}.Debug|Any CPU.ActiveCfg = Debug|Any CPU
		{533D8428-C03B-4C3C-94C5-FA9ACE8B48D2}.Debug|Any CPU.Build.0 = Debug|Any CPU
		{533D8428-C03B-4C3C-94C5-FA9ACE8B48D2}.Release|Any CPU.ActiveCfg = Release|Any CPU
		{533D8428-C03B-4C3C-94C5-FA9ACE8B48D2}.Release|Any CPU.Build.0 = Release|Any CPU
	EndGlobalSection
	GlobalSection(SolutionProperties) = preSolution
		HideSolutionNode = FALSE
	EndGlobalSection
	GlobalSection(NestedProjects) = preSolution
		{533D8428-C03B-4C3C-94C5-FA9ACE8B48D2} = {D435883C-25F3-46F0-A431-DAD811FBFC4D}
	EndGlobalSection
EndGlobal
